{
  "version": 4,
  "terraform_version": "0.15.2",
  "serial": 16,
  "lineage": "1bab2d6d-f39b-c25e-52ba-7feb2a965c02",
  "outputs": {},
  "resources": [
    {
      "mode": "data",
      "type": "vault_policy_document",
      "name": "admin_policy_doc",
      "provider": "provider[\"registry.terraform.io/hashicorp/vault\"]",
      "instances": [
        {
          "schema_version": 0,
          "attributes": {
            "hcl": "# allow all on secrets\npath \"secret/*\" {\n  capabilities = [\"create\", \"read\", \"update\", \"delete\", \"list\"]\n}\n",
            "id": "3473899046",
            "rule": [
              {
                "allowed_parameter": [],
                "capabilities": [
                  "create",
                  "read",
                  "update",
                  "delete",
                  "list"
                ],
                "denied_parameter": [],
                "description": "allow all on secrets",
                "max_wrapping_ttl": "",
                "min_wrapping_ttl": "",
                "path": "secret/*",
                "required_parameters": []
              }
            ]
          },
          "sensitive_attributes": []
        }
      ]
    },
    {
      "mode": "data",
      "type": "vault_policy_document",
      "name": "audit_doc",
      "provider": "provider[\"registry.terraform.io/hashicorp/vault\"]",
      "instances": [
        {
          "schema_version": 0,
          "attributes": {
            "hcl": "# allow read and list\npath \"secret/*\" {\n  capabilities = [\"read\", \"list\"]\n}\n",
            "id": "989429718",
            "rule": [
              {
                "allowed_parameter": [],
                "capabilities": [
                  "read",
                  "list"
                ],
                "denied_parameter": [],
                "description": "allow read and list",
                "max_wrapping_ttl": "",
                "min_wrapping_ttl": "",
                "path": "secret/*",
                "required_parameters": []
              }
            ]
          },
          "sensitive_attributes": []
        }
      ]
    },
    {
      "mode": "data",
      "type": "vault_policy_document",
      "name": "key_officer_doc",
      "provider": "provider[\"registry.terraform.io/hashicorp/vault\"]",
      "instances": [
        {
          "schema_version": 0,
          "attributes": {
            "hcl": "# allow all on secrets\npath \"secret/*\" {\n  capabilities = [\"create\", \"read\", \"delete\", \"list\"]\n}\n",
            "id": "671847224",
            "rule": [
              {
                "allowed_parameter": [],
                "capabilities": [
                  "create",
                  "read",
                  "delete",
                  "list"
                ],
                "denied_parameter": [],
                "description": "allow all on secrets",
                "max_wrapping_ttl": "",
                "min_wrapping_ttl": "",
                "path": "secret/*",
                "required_parameters": []
              }
            ]
          },
          "sensitive_attributes": []
        }
      ]
    },
    {
      "mode": "managed",
      "type": "vault_auth_backend",
      "name": "approle",
      "provider": "provider[\"registry.terraform.io/hashicorp/vault\"]",
      "instances": [
        {
          "schema_version": 1,
          "attributes": {
            "accessor": "auth_approle_b7b16b48",
            "default_lease_ttl_seconds": 0,
            "description": "",
            "id": "approle",
            "listing_visibility": "",
            "local": false,
            "max_lease_ttl_seconds": 0,
            "path": "approle",
            "tune": [],
            "type": "approle"
          },
          "sensitive_attributes": [],
          "private": "eyJzY2hlbWFfdmVyc2lvbiI6IjEifQ=="
        }
      ]
    },
    {
      "mode": "managed",
      "type": "vault_auth_backend",
      "name": "github",
      "provider": "provider[\"registry.terraform.io/hashicorp/vault\"]",
      "instances": [
        {
          "schema_version": 1,
          "attributes": {
            "accessor": "auth_github_cd9143f9",
            "default_lease_ttl_seconds": 0,
            "description": "",
            "id": "github",
            "listing_visibility": "",
            "local": false,
            "max_lease_ttl_seconds": 0,
            "path": "github",
            "tune": [],
            "type": "github"
          },
          "sensitive_attributes": [],
          "private": "eyJzY2hlbWFfdmVyc2lvbiI6IjEifQ=="
        }
      ]
    },
    {
      "mode": "managed",
      "type": "vault_auth_backend",
      "name": "userpass",
      "provider": "provider[\"registry.terraform.io/hashicorp/vault\"]",
      "instances": [
        {
          "schema_version": 1,
          "attributes": {
            "accessor": "auth_userpass_bce2dfda",
            "default_lease_ttl_seconds": 0,
            "description": "",
            "id": "userpass",
            "listing_visibility": "",
            "local": false,
            "max_lease_ttl_seconds": 0,
            "path": "userpass",
            "tune": [],
            "type": "userpass"
          },
          "sensitive_attributes": [],
          "private": "eyJzY2hlbWFfdmVyc2lvbiI6IjEifQ=="
        }
      ]
    },
    {
      "mode": "managed",
      "type": "vault_generic_endpoint",
      "name": "joel",
      "provider": "provider[\"registry.terraform.io/hashicorp/vault\"]",
      "instances": [
        {
          "schema_version": 1,
          "attributes": {
            "data_json": "{\"password\":\"joel24\",\"policies\":[\"admin_policy\",\"key_officer\"]}",
            "disable_delete": false,
            "disable_read": false,
            "id": "auth/userpass/users/joel",
            "ignore_absent_fields": true,
            "path": "auth/userpass/users/joel",
            "write_data": {},
            "write_data_json": "null",
            "write_fields": null
          },
          "sensitive_attributes": [],
          "private": "eyJzY2hlbWFfdmVyc2lvbiI6IjEifQ==",
          "dependencies": [
            "vault_auth_backend.userpass"
          ]
        }
      ]
    },
    {
      "mode": "managed",
      "type": "vault_generic_endpoint",
      "name": "joelo2",
      "provider": "provider[\"registry.terraform.io/hashicorp/vault\"]",
      "instances": [
        {
          "schema_version": 1,
          "attributes": {
            "data_json": "{\"password\":\"joel24\",\"policies\":[\"admin_policy\",\"key_officer\"]}",
            "disable_delete": false,
            "disable_read": false,
            "id": "auth/userpass/users/joel2",
            "ignore_absent_fields": true,
            "path": "auth/userpass/users/joel2",
            "write_data": {},
            "write_data_json": "null",
            "write_fields": null
          },
          "sensitive_attributes": [],
          "private": "eyJzY2hlbWFfdmVyc2lvbiI6IjEifQ==",
          "dependencies": [
            "vault_auth_backend.userpass"
          ]
        }
      ]
    },
    {
      "mode": "managed",
      "type": "vault_github_user",
      "name": "tf_user",
      "provider": "provider[\"registry.terraform.io/hashicorp/vault\"]",
      "instances": [
        {
          "schema_version": 0,
          "attributes": {
            "backend": "github",
            "id": "auth/github/map/users/joelchan24",
            "policies": [
              "admin_policy",
              "key_officer"
            ],
            "token_bound_cidrs": null,
            "token_explicit_max_ttl": null,
            "token_max_ttl": null,
            "token_no_default_policy": null,
            "token_num_uses": null,
            "token_period": null,
            "token_policies": null,
            "token_ttl": null,
            "token_type": null,
            "user": "joelchan24"
          },
          "sensitive_attributes": [],
          "private": "bnVsbA==",
          "dependencies": [
            "vault_auth_backend.github"
          ]
        }
      ]
    },
    {
      "mode": "managed",
      "type": "vault_policy",
      "name": "admin_policy",
      "provider": "provider[\"registry.terraform.io/hashicorp/vault\"]",
      "instances": [
        {
          "schema_version": 0,
          "attributes": {
            "id": "admin_policy",
            "name": "admin_policy",
            "policy": "# allow all on secrets\npath \"secret/*\" {\n  capabilities = [\"create\", \"read\", \"update\", \"delete\", \"list\"]\n}\n"
          },
          "sensitive_attributes": [],
          "private": "bnVsbA==",
          "dependencies": [
            "data.vault_policy_document.admin_policy_doc"
          ]
        }
      ]
    },
    {
      "mode": "managed",
      "type": "vault_policy",
      "name": "audit",
      "provider": "provider[\"registry.terraform.io/hashicorp/vault\"]",
      "instances": [
        {
          "schema_version": 0,
          "attributes": {
            "id": "key_officer",
            "name": "key_officer",
            "policy": "# allow read and list\npath \"secret/*\" {\n  capabilities = [\"read\", \"list\"]\n}\n"
          },
          "sensitive_attributes": [],
          "private": "bnVsbA==",
          "dependencies": [
            "data.vault_policy_document.audit_doc"
          ]
        }
      ]
    },
    {
      "mode": "managed",
      "type": "vault_policy",
      "name": "key_officer",
      "provider": "provider[\"registry.terraform.io/hashicorp/vault\"]",
      "instances": [
        {
          "schema_version": 0,
          "attributes": {
            "id": "key_officer",
            "name": "key_officer",
            "policy": "# allow all on secrets\npath \"secret/*\" {\n  capabilities = [\"create\", \"read\", \"delete\", \"list\"]\n}\n"
          },
          "sensitive_attributes": [],
          "private": "bnVsbA==",
          "dependencies": [
            "data.vault_policy_document.key_officer_doc"
          ]
        }
      ]
    }
  ]
}
